<?xml version="1.0" encoding="UTF-8" standalone="yes" ?>
<CodeBlocks_project_file>
	<FileVersion major="1" minor="6" />
	<Project>
		<Option title="CaixeiroViajante" />
		<Option pch_mode="2" />
		<Option compiler="gcc" />
		<Build>
			<Target title="default">
				<Option output="CaixeiroViajante" prefix_auto="1" extension_auto="1" />
				<Option object_output="bin" />
				<Option type="1" />
				<Option compiler="gcc" />
			</Target>
		</Build>
		<Unit filename="src/caixeiroviajante/CaixeiroViajante.cpp" />
		<Unit filename="src/caixeiroviajante/acs/CaixeiroViajanteACS.cpp" />
		<Unit filename="src/caixeiroviajante/acs/CaixeiroViajanteACS.h" />
		<Unit filename="src/caixeiroviajante/grasp/CaixeiroViajanteGRASP.cpp" />
		<Unit filename="src/caixeiroviajante/grasp/CaixeiroViajanteGRASP.h" />
		<Unit filename="src/caixeiroviajante/grasp/CaixeiroViajanteGRASPListener.h" />
		<Unit filename="src/caixeiroviajante/logica/BuscaLocal.cpp" />
		<Unit filename="src/caixeiroviajante/logica/BuscaLocal.h" />
		<Unit filename="src/caixeiroviajante/logica/CaixeiroViajante.cpp" />
		<Unit filename="src/caixeiroviajante/logica/CaixeiroViajante.h" />
		<Unit filename="src/caixeiroviajante/logica/Construcao.cpp" />
		<Unit filename="src/caixeiroviajante/logica/Construcao.h" />
		<Unit filename="src/caixeiroviajante/logica/Perturbacao.cpp" />
		<Unit filename="src/caixeiroviajante/logica/Perturbacao.h" />
		<Unit filename="src/caixeiroviajante/logica/readData.cpp" />
		<Unit filename="src/caixeiroviajante/logica/readData.h" />
		<Unit filename="src/caixeiroviajante/minhasolucao/CaixeiroViajanteMinhaSolucao.cpp" />
		<Unit filename="src/caixeiroviajante/minhasolucao/CaixeiroViajanteMinhaSolucao.h" />
		<Unit filename="src/caixeiroviajante/readData.cpp" />
		<Unit filename="src/main.cpp" />
		<Unit filename="src/util/util.c">
			<Option compilerVar="CPP" />
		</Unit>
		<Unit filename="src/util/util.h" />
		<Extensions>
			<lib_finder disable_auto="1" />
		</Extensions>
	</Project>
</CodeBlocks_project_file>
